<?xml version="1.0" encoding="utf-8"?>
<Project ToolsVersion="4.0" xmlns="http://schemas.microsoft.com/developer/msbuild/2003">
  <ItemGroup>
    <Filter Include="Source Files">
      <UniqueIdentifier>{06054f3d-a7f1-4650-b665-6729f4615e43}</UniqueIdentifier>
    </Filter>
    <Filter Include="Generated Files">
      <UniqueIdentifier>{82ce73f7-91b4-4aae-895d-9c59108b635f}</UniqueIdentifier>
      <SourceControlFiles>False</SourceControlFiles>
    </Filter>
  </ItemGroup>
  <ItemGroup>
    <None Include="FusionGDShellps.def" />
  </ItemGroup>
  <ItemGroup>
    <ClCompile Include="FusionGDShell_i.c">
      <Filter>Generated Files</Filter>
    </ClCompile>
    <ClCompile Include="FusionGDShell_p.c">
      <Filter>Generated Files</Filter>
    </ClCompile>
    <ClCompile Include="dlldata.c">
      <Filter>Generated Files</Filter>
    </ClCompile>
  </ItemGroup>
</Project>